
Microsoft Visual Studio Solution File, Format Version 12.00
# Visual Studio Version 17
VisualStudioVersion = 17.14.36915.13 d17.14
MinimumVisualStudioVersion = 10.0.40219.1
Project("{FAE04EC0-301F-11D3-BF4B-00C04F79EFBC}") = "ConsoleApp9", "ConsoleApp9\ConsoleApp9.csproj", "{D985F8F3-7B18-4D80-86E4-86C82FA65B3B}"
EndProject
Project("{FAE04EC0-301F-11D3-BF4B-00C04F79EFBC}") = "ConsoleApp1", "ConsoleApp1\ConsoleApp1.csproj", "{8637AB08-AB2E-4A5F-A222-69A5F9F8D50C}"
EndProject
Global
	GlobalSection(SolutionConfigurationPlatforms) = preSolution
		Debug|Any CPU = Debug|Any CPU
		Release|Any CPU = Release|Any CPU
	EndGlobalSection
	GlobalSection(ProjectConfigurationPlatforms) = postSolution
		{D985F8F3-7B18-4D80-86E4-86C82FA65B3B}.Debug|Any CPU.ActiveCfg = Debug|Any CPU
		{D985F8F3-7B18-4D80-86E4-86C82FA65B3B}.Debug|Any CPU.Build.0 = Debug|Any CPU
		{D985F8F3-7B18-4D80-86E4-86C82FA65B3B}.Release|Any CPU.ActiveCfg = Release|Any CPU
		{D985F8F3-7B18-4D80-86E4-86C82FA65B3B}.Release|Any CPU.Build.0 = Release|Any CPU
		{8637AB08-AB2E-4A5F-A222-69A5F9F8D50C}.Debug|Any CPU.ActiveCfg = Debug|Any CPU
		{8637AB08-AB2E-4A5F-A222-69A5F9F8D50C}.Debug|Any CPU.Build.0 = Debug|Any CPU
		{8637AB08-AB2E-4A5F-A222-69A5F9F8D50C}.Release|Any CPU.ActiveCfg = Release|Any CPU
		{8637AB08-AB2E-4A5F-A222-69A5F9F8D50C}.Release|Any CPU.Build.0 = Release|Any CPU
	EndGlobalSection
	GlobalSection(SolutionProperties) = preSolution
		HideSolutionNode = FALSE
	EndGlobalSection
	GlobalSection(ExtensibilityGlobals) = postSolution
		SolutionGuid = {198E2496-4395-4934-B8F2-9A31ABB3F178}
	EndGlobalSection
EndGlobal
